// !$*UTF8*$!
{
	archiveVersion = 1;
	classes = {
	};
	objectVersion = 51;
	objects = {

/* Begin PBXBuildFile section */
		5F696CCC43E98B23DF4069ED /* Pods_finger_tripping.framework in Frameworks */ = {isa = PBXBuildFile; fileRef = 54465FF390F84793593A479F /* Pods_finger_tripping.framework */; };
		DA13CA2823046DE8004EF6BE /* AudioListener.swift in Sources */ = {isa = PBXBuildFile; fileRef = DA13CA2723046DE8004EF6BE /* AudioListener.swift */; };
		DA13CA2A23047177004EF6BE /* AVAudioBuffer+Array.swift in Sources */ = {isa = PBXBuildFile; fileRef = DA13CA2923047177004EF6BE /* AVAudioBuffer+Array.swift */; };
		DAF8E5292304A95F00720323 /* prediction.grpc.swift in Sources */ = {isa = PBXBuildFile; fileRef = DAF8E5272304A95F00720323 /* prediction.grpc.swift */; };
		DAF8E52A2304A95F00720323 /* prediction.pb.swift in Sources */ = {isa = PBXBuildFile; fileRef = DAF8E5282304A95F00720323 /* prediction.pb.swift */; };
		FF28622123102A3E008903D0 /* PlayListCell.swift in Sources */ = {isa = PBXBuildFile; fileRef = FF28621F23102A3E008903D0 /* PlayListCell.swift */; };
		FF28622223102A3E008903D0 /* PlayListCell.xib in Resources */ = {isa = PBXBuildFile; fileRef = FF28622023102A3E008903D0 /* PlayListCell.xib */; };
		FF2B6E78230AE5AC008C40BC /* PredictionAPI.swift in Sources */ = {isa = PBXBuildFile; fileRef = FF2B6E77230AE5AC008C40BC /* PredictionAPI.swift */; };
		FF8DF1FC230DA269005436BA /* VRMovieQueue.swift in Sources */ = {isa = PBXBuildFile; fileRef = FF8DF1FB230DA269005436BA /* VRMovieQueue.swift */; };
		FF8DF21C230EA58F005436BA /* VRViewController.swift in Sources */ = {isa = PBXBuildFile; fileRef = FF8DF21B230EA58F005436BA /* VRViewController.swift */; };
		FF962942230988480079D6E0 /* Array+.swift in Sources */ = {isa = PBXBuildFile; fileRef = FF962941230988480079D6E0 /* Array+.swift */; };
		FFAFBEAD23032C56008A34E9 /* AppDelegate.swift in Sources */ = {isa = PBXBuildFile; fileRef = FFAFBEAC23032C56008A34E9 /* AppDelegate.swift */; };
		FFAFBEAF23032C56008A34E9 /* ViewController.swift in Sources */ = {isa = PBXBuildFile; fileRef = FFAFBEAE23032C56008A34E9 /* ViewController.swift */; };
		FFAFBEB223032C56008A34E9 /* Main.storyboard in Resources */ = {isa = PBXBuildFile; fileRef = FFAFBEB023032C56008A34E9 /* Main.storyboard */; };
		FFAFBEB423032C58008A34E9 /* Assets.xcassets in Resources */ = {isa = PBXBuildFile; fileRef = FFAFBEB323032C58008A34E9 /* Assets.xcassets */; };
		FFAFBEB723032C58008A34E9 /* LaunchScreen.storyboard in Resources */ = {isa = PBXBuildFile; fileRef = FFAFBEB523032C58008A34E9 /* LaunchScreen.storyboard */; };
/* End PBXBuildFile section */

/* Begin PBXFileReference section */
		54465FF390F84793593A479F /* Pods_finger_tripping.framework */ = {isa = PBXFileReference; explicitFileType = wrapper.framework; includeInIndex = 0; path = Pods_finger_tripping.framework; sourceTree = BUILT_PRODUCTS_DIR; };
		C089494FBAFC495DD6F64E91 /* Pods-finger-tripping.release.xcconfig */ = {isa = PBXFileReference; includeInIndex = 1; lastKnownFileType = text.xcconfig; name = "Pods-finger-tripping.release.xcconfig"; path = "Target Support Files/Pods-finger-tripping/Pods-finger-tripping.release.xcconfig"; sourceTree = "<group>"; };
		C72F60D714F32442832901DD /* Pods-finger-tripping.debug.xcconfig */ = {isa = PBXFileReference; includeInIndex = 1; lastKnownFileType = text.xcconfig; name = "Pods-finger-tripping.debug.xcconfig"; path = "Target Support Files/Pods-finger-tripping/Pods-finger-tripping.debug.xcconfig"; sourceTree = "<group>"; };
		DA13CA2723046DE8004EF6BE /* AudioListener.swift */ = {isa = PBXFileReference; lastKnownFileType = sourcecode.swift; path = AudioListener.swift; sourceTree = "<group>"; };
		DA13CA2923047177004EF6BE /* AVAudioBuffer+Array.swift */ = {isa = PBXFileReference; lastKnownFileType = sourcecode.swift; path = "AVAudioBuffer+Array.swift"; sourceTree = "<group>"; };
		DAF8E5272304A95F00720323 /* prediction.grpc.swift */ = {isa = PBXFileReference; fileEncoding = 4; lastKnownFileType = sourcecode.swift; path = prediction.grpc.swift; sourceTree = "<group>"; };
		DAF8E5282304A95F00720323 /* prediction.pb.swift */ = {isa = PBXFileReference; fileEncoding = 4; lastKnownFileType = sourcecode.swift; path = prediction.pb.swift; sourceTree = "<group>"; };
		FF28621F23102A3E008903D0 /* PlayListCell.swift */ = {isa = PBXFileReference; lastKnownFileType = sourcecode.swift; path = PlayListCell.swift; sourceTree = "<group>"; };
		FF28622023102A3E008903D0 /* PlayListCell.xib */ = {isa = PBXFileReference; lastKnownFileType = file.xib; path = PlayListCell.xib; sourceTree = "<group>"; };
		FF2B6E77230AE5AC008C40BC /* PredictionAPI.swift */ = {isa = PBXFileReference; lastKnownFileType = sourcecode.swift; path = PredictionAPI.swift; sourceTree = "<group>"; };
		FF8DF1FB230DA269005436BA /* VRMovieQueue.swift */ = {isa = PBXFileReference; lastKnownFileType = sourcecode.swift; path = VRMovieQueue.swift; sourceTree = "<group>"; };
		FF8DF21B230EA58F005436BA /* VRViewController.swift */ = {isa = PBXFileReference; lastKnownFileType = sourcecode.swift; path = VRViewController.swift; sourceTree = "<group>"; };
		FF962941230988480079D6E0 /* Array+.swift */ = {isa = PBXFileReference; fileEncoding = 4; lastKnownFileType = sourcecode.swift; path = "Array+.swift"; sourceTree = "<group>"; };
		FFAFBEA923032C56008A34E9 /* Jumper.app */ = {isa = PBXFileReference; explicitFileType = wrapper.application; includeInIndex = 0; path = Jumper.app; sourceTree = BUILT_PRODUCTS_DIR; };
		FFAFBEAC23032C56008A34E9 /* AppDelegate.swift */ = {isa = PBXFileReference; lastKnownFileType = sourcecode.swift; path = AppDelegate.swift; sourceTree = "<group>"; };
		FFAFBEAE23032C56008A34E9 /* ViewController.swift */ = {isa = PBXFileReference; lastKnownFileType = sourcecode.swift; path = ViewController.swift; sourceTree = "<group>"; };
		FFAFBEB123032C56008A34E9 /* Base */ = {isa = PBXFileReference; lastKnownFileType = file.storyboard; name = Base; path = Base.lproj/Main.storyboard; sourceTree = "<group>"; };
		FFAFBEB323032C58008A34E9 /* Assets.xcassets */ = {isa = PBXFileReference; lastKnownFileType = folder.assetcatalog; path = Assets.xcassets; sourceTree = "<group>"; };
		FFAFBEB623032C58008A34E9 /* Base */ = {isa = PBXFileReference; lastKnownFileType = file.storyboard; name = Base; path = Base.lproj/LaunchScreen.storyboard; sourceTree = "<group>"; };
		FFAFBEB823032C58008A34E9 /* Info.plist */ = {isa = PBXFileReference; lastKnownFileType = text.plist.xml; path = Info.plist; sourceTree = "<group>"; };
/* End PBXFileReference section */

/* Begin PBXFrameworksBuildPhase section */
		FFAFBEA623032C56008A34E9 /* Frameworks */ = {
			isa = PBXFrameworksBuildPhase;
			buildActionMask = 2147483647;
			files = (
				5F696CCC43E98B23DF4069ED /* Pods_finger_tripping.framework in Frameworks */,
			);
			runOnlyForDeploymentPostprocessing = 0;
		};
/* End PBXFrameworksBuildPhase section */

/* Begin PBXGroup section */
		28F33C78C4380885026AD051 /* Frameworks */ = {
			isa = PBXGroup;
			children = (
				54465FF390F84793593A479F /* Pods_finger_tripping.framework */,
			);
			name = Frameworks;
			sourceTree = "<group>";
		};
		9B1D4E97DCE3D4DC74D07C0E /* Pods */ = {
			isa = PBXGroup;
			children = (
				C72F60D714F32442832901DD /* Pods-finger-tripping.debug.xcconfig */,
				C089494FBAFC495DD6F64E91 /* Pods-finger-tripping.release.xcconfig */,
			);
			path = Pods;
			sourceTree = "<group>";
		};
		DAF8E5262304A95F00720323 /* grpc */ = {
			isa = PBXGroup;
			children = (
				DAF8E5272304A95F00720323 /* prediction.grpc.swift */,
				DAF8E5282304A95F00720323 /* prediction.pb.swift */,
			);
			path = grpc;
			sourceTree = "<group>";
		};
		FF286223231048F7008903D0 /* Extensions */ = {
			isa = PBXGroup;
			children = (
				FF962941230988480079D6E0 /* Array+.swift */,
				DA13CA2923047177004EF6BE /* AVAudioBuffer+Array.swift */,
			);
			path = Extensions;
			sourceTree = "<group>";
		};
		FF2862242310491A008903D0 /* APIs */ = {
			isa = PBXGroup;
			children = (
				FF2B6E77230AE5AC008C40BC /* PredictionAPI.swift */,
			);
			path = APIs;
			sourceTree = "<group>";
		};
		FF28622523104926008903D0 /* Utils */ = {
			isa = PBXGroup;
			children = (
				DA13CA2723046DE8004EF6BE /* AudioListener.swift */,
				FF8DF1FB230DA269005436BA /* VRMovieQueue.swift */,
			);
			path = Utils;
			sourceTree = "<group>";
		};
		FF28622623104948008903D0 /* ViewControllers */ = {
			isa = PBXGroup;
			children = (
				FFAFBEAE23032C56008A34E9 /* ViewController.swift */,
				FF8DF21B230EA58F005436BA /* VRViewController.swift */,
			);
			path = ViewControllers;
			sourceTree = "<group>";
		};
		FF2862272310495E008903D0 /* Components */ = {
			isa = PBXGroup;
			children = (
				FF28621F23102A3E008903D0 /* PlayListCell.swift */,
				FF28622023102A3E008903D0 /* PlayListCell.xib */,
			);
			path = Components;
			sourceTree = "<group>";
		};
		FF28622823104971008903D0 /* Storyboards */ = {
			isa = PBXGroup;
			children = (
				FFAFBEB023032C56008A34E9 /* Main.storyboard */,
			);
			path = Storyboards;
			sourceTree = "<group>";
		};
		FFAFBEA023032C56008A34E9 = {
			isa = PBXGroup;
			children = (
				FFAFBEAB23032C56008A34E9 /* jumper */,
				FFAFBEAA23032C56008A34E9 /* Products */,
				9B1D4E97DCE3D4DC74D07C0E /* Pods */,
				28F33C78C4380885026AD051 /* Frameworks */,
			);
			sourceTree = "<group>";
		};
		FFAFBEAA23032C56008A34E9 /* Products */ = {
			isa = PBXGroup;
			children = (
				FFAFBEA923032C56008A34E9 /* Jumper.app */,
			);
			name = Products;
			sourceTree = "<group>";
		};
		FFAFBEAB23032C56008A34E9 /* jumper */ = {
			isa = PBXGroup;
			children = (
				FF28622823104971008903D0 /* Storyboards */,
				FF2862272310495E008903D0 /* Components */,
				FF28622623104948008903D0 /* ViewControllers */,
				FF28622523104926008903D0 /* Utils */,
				FF2862242310491A008903D0 /* APIs */,
				FF286223231048F7008903D0 /* Extensions */,
				DAF8E5262304A95F00720323 /* grpc */,
				FFAFBEAC23032C56008A34E9 /* AppDelegate.swift */,
				FFAFBEB323032C58008A34E9 /* Assets.xcassets */,
				FFAFBEB523032C58008A34E9 /* LaunchScreen.storyboard */,
				FFAFBEB823032C58008A34E9 /* Info.plist */,
			);
			path = jumper;
			sourceTree = "<group>";
		};
/* End PBXGroup section */

/* Begin PBXNativeTarget section */
		FFAFBEA823032C56008A34E9 /* Jumper */ = {
			isa = PBXNativeTarget;
			buildConfigurationList = FFAFBEBB23032C58008A34E9 /* Build configuration list for PBXNativeTarget "Jumper" */;
			buildPhases = (
				D5B93C61A0170510492C8239 /* [CP] Check Pods Manifest.lock */,
				FFAFBEA523032C56008A34E9 /* Sources */,
				FFAFBEA623032C56008A34E9 /* Frameworks */,
				FFAFBEA723032C56008A34E9 /* Resources */,
				DB9034CD425CA7D971EA7375 /* [CP] Embed Pods Frameworks */,
			);
			buildRules = (
			);
			dependencies = (
			);
			name = Jumper;
			productName = "finger-tripping";
			productReference = FFAFBEA923032C56008A34E9 /* Jumper.app */;
			productType = "com.apple.product-type.application";
		};
/* End PBXNativeTarget section */

/* Begin PBXProject section */
		FFAFBEA123032C56008A34E9 /* Project object */ = {
			isa = PBXProject;
			attributes = {
				LastSwiftUpdateCheck = 1030;
				LastUpgradeCheck = 1030;
				ORGANIZATIONNAME = arabian9ts;
				TargetAttributes = {
					FFAFBEA823032C56008A34E9 = {
						CreatedOnToolsVersion = 10.3;
						LastSwiftMigration = 1030;
					};
				};
			};
			buildConfigurationList = FFAFBEA423032C56008A34E9 /* Build configuration list for PBXProject "Jumper" */;
			compatibilityVersion = "Xcode 9.3";
			developmentRegion = en;
			hasScannedForEncodings = 0;
			knownRegions = (
				en,
				Base,
			);
			mainGroup = FFAFBEA023032C56008A34E9;
			productRefGroup = FFAFBEAA23032C56008A34E9 /* Products */;
			projectDirPath = "";
			projectRoot = "";
			targets = (
				FFAFBEA823032C56008A34E9 /* Jumper */,
			);
		};
/* End PBXProject section */

/* Begin PBXResourcesBuildPhase section */
		FFAFBEA723032C56008A34E9 /* Resources */ = {
			isa = PBXResourcesBuildPhase;
			buildActionMask = 2147483647;
			files = (
				FFAFBEB723032C58008A34E9 /* LaunchScreen.storyboard in Resources */,
				FFAFBEB423032C58008A34E9 /* Assets.xcassets in Resources */,
				FFAFBEB223032C56008A34E9 /* Main.storyboard in Resources */,
				FF28622223102A3E008903D0 /* PlayListCell.xib in Resources */,
			);
			runOnlyForDeploymentPostprocessing = 0;
		};
/* End PBXResourcesBuildPhase section */

/* Begin PBXShellScriptBuildPhase section */
		D5B93C61A0170510492C8239 /* [CP] Check Pods Manifest.lock */ = {
			isa = PBXShellScriptBuildPhase;
			buildActionMask = 2147483647;
			files = (
			);
			inputPaths = (
				"${PODS_PODFILE_DIR_PATH}/Podfile.lock",
				"${PODS_ROOT}/Manifest.lock",
			);
			name = "[CP] Check Pods Manifest.lock";
			outputPaths = (
				"$(DERIVED_FILE_DIR)/Pods-finger-tripping-checkManifestLockResult.txt",
			);
			runOnlyForDeploymentPostprocessing = 0;
			shellPath = /bin/sh;
			shellScript = "diff \"${PODS_PODFILE_DIR_PATH}/Podfile.lock\" \"${PODS_ROOT}/Manifest.lock\" > /dev/null\nif [ $? != 0 ] ; then\n    # print error to STDERR\n    echo \"error: The sandbox is not in sync with the Podfile.lock. Run 'pod install' or update your CocoaPods installation.\" >&2\n    exit 1\nfi\n# This output is used by Xcode 'outputs' to avoid re-running this script phase.\necho \"SUCCESS\" > \"${SCRIPT_OUTPUT_FILE_0}\"\n";
			showEnvVarsInLog = 0;
		};
		DB9034CD425CA7D971EA7375 /* [CP] Embed Pods Frameworks */ = {
			isa = PBXShellScriptBuildPhase;
			buildActionMask = 2147483647;
			files = (
			);
			inputFileListPaths = (
				"${PODS_ROOT}/Target Support Files/Pods-finger-tripping/Pods-finger-tripping-frameworks-${CONFIGURATION}-input-files.xcfilelist",
			);
			name = "[CP] Embed Pods Frameworks";
			outputFileListPaths = (
				"${PODS_ROOT}/Target Support Files/Pods-finger-tripping/Pods-finger-tripping-frameworks-${CONFIGURATION}-output-files.xcfilelist",
			);
			runOnlyForDeploymentPostprocessing = 0;
			shellPath = /bin/sh;
			shellScript = "\"${PODS_ROOT}/Target Support Files/Pods-finger-tripping/Pods-finger-tripping-frameworks.sh\"\n";
			showEnvVarsInLog = 0;
		};
/* End PBXShellScriptBuildPhase section */

/* Begin PBXSourcesBuildPhase section */
		FFAFBEA523032C56008A34E9 /* Sources */ = {
			isa = PBXSourcesBuildPhase;
			buildActionMask = 2147483647;
			files = (
				FF28622123102A3E008903D0 /* PlayListCell.swift in Sources */,
				FF8DF1FC230DA269005436BA /* VRMovieQueue.swift in Sources */,
				FFAFBEAF23032C56008A34E9 /* ViewController.swift in Sources */,
				DAF8E5292304A95F00720323 /* prediction.grpc.swift in Sources */,
				DAF8E52A2304A95F00720323 /* prediction.pb.swift in Sources */,
				FF8DF21C230EA58F005436BA /* VRViewController.swift in Sources */,
				DA13CA2A23047177004EF6BE /* AVAudioBuffer+Array.swift in Sources */,
				FFAFBEAD23032C56008A34E9 /* AppDelegate.swift in Sources */,
				FF2B6E78230AE5AC008C40BC /* PredictionAPI.swift in Sources */,
				DA13CA2823046DE8004EF6BE /* AudioListener.swift in Sources */,
				FF962942230988480079D6E0 /* Array+.swift in Sources */,
			);
			runOnlyForDeploymentPostprocessing = 0;
		};
/* End PBXSourcesBuildPhase section */

/* Begin PBXVariantGroup section */
		FFAFBEB023032C56008A34E9 /* Main.storyboard */ = {
			isa = PBXVariantGroup;
			children = (
				FFAFBEB123032C56008A34E9 /* Base */,
			);
			name = Main.storyboard;
			sourceTree = "<group>";
		};
		FFAFBEB523032C58008A34E9 /* LaunchScreen.storyboard */ = {
			isa = PBXVariantGroup;
			children = (
				FFAFBEB623032C58008A34E9 /* Base */,
			);
			name = LaunchScreen.storyboard;
			sourceTree = "<group>";
		};
/* End PBXVariantGroup section */

/* Begin XCBuildConfiguration section */
		FFAFBEB923032C58008A34E9 /* Debug */ = {
			isa = XCBuildConfiguration;
			buildSettings = {
				ALWAYS_SEARCH_USER_PATHS = NO;
				CLANG_ANALYZER_NONNULL = YES;
				CLANG_ANALYZER_NUMBER_OBJECT_CONVERSION = YES_AGGRESSIVE;
				CLANG_CXX_LANGUAGE_STANDARD = "gnu++14";
				CLANG_CXX_LIBRARY = "libc++";
				CLANG_ENABLE_MODULES = YES;
				CLANG_ENABLE_OBJC_ARC = YES;
				CLANG_ENABLE_OBJC_WEAK = YES;
				CLANG_WARN_BLOCK_CAPTURE_AUTORELEASING = YES;
				CLANG_WARN_BOOL_CONVERSION = YES;
				CLANG_WARN_COMMA = YES;
				CLANG_WARN_CONSTANT_CONVERSION = YES;
				CLANG_WARN_DEPRECATED_OBJC_IMPLEMENTATIONS = YES;
				CLANG_WARN_DIRECT_OBJC_ISA_USAGE = YES_ERROR;
				CLANG_WARN_DOCUMENTATION_COMMENTS = YES;
				CLANG_WARN_EMPTY_BODY = YES;
				CLANG_WARN_ENUM_CONVERSION = YES;
				CLANG_WARN_INFINITE_RECURSION = YES;
				CLANG_WARN_INT_CONVERSION = YES;
				CLANG_WARN_NON_LITERAL_NULL_CONVERSION = YES;
				CLANG_WARN_OBJC_IMPLICIT_RETAIN_SELF = YES;
				CLANG_WARN_OBJC_LITERAL_CONVERSION = YES;
				CLANG_WARN_OBJC_ROOT_CLASS = YES_ERROR;
				CLANG_WARN_RANGE_LOOP_ANALYSIS = YES;
				CLANG_WARN_STRICT_PROTOTYPES = YES;
				CLANG_WARN_SUSPICIOUS_MOVE = YES;
				CLANG_WARN_UNGUARDED_AVAILABILITY = YES_AGGRESSIVE;
				CLANG_WARN_UNREACHABLE_CODE = YES;
				CLANG_WARN__DUPLICATE_METHOD_MATCH = YES;
				CODE_SIGN_IDENTITY = "iPhone Developer";
				COPY_PHASE_STRIP = NO;
				DEBUG_INFORMATION_FORMAT = dwarf;
				DEFINES_MODULE = NO;
				ENABLE_STRICT_OBJC_MSGSEND = YES;
				ENABLE_TESTABILITY = YES;
				GCC_C_LANGUAGE_STANDARD = gnu11;
				GCC_DYNAMIC_NO_PIC = NO;
				GCC_NO_COMMON_BLOCKS = YES;
				GCC_OPTIMIZATION_LEVEL = 0;
				GCC_PREPROCESSOR_DEFINITIONS = (
					"DEBUG=1",
					"$(inherited)",
				);
				GCC_WARN_64_TO_32_BIT_CONVERSION = YES;
				GCC_WARN_ABOUT_RETURN_TYPE = YES_ERROR;
				GCC_WARN_UNDECLARED_SELECTOR = YES;
				GCC_WARN_UNINITIALIZED_AUTOS = YES_AGGRESSIVE;
				GCC_WARN_UNUSED_FUNCTION = YES;
				GCC_WARN_UNUSED_VARIABLE = YES;
				IPHONEOS_DEPLOYMENT_TARGET = 12.4;
				MTL_ENABLE_DEBUG_INFO = INCLUDE_SOURCE;
				MTL_FAST_MATH = YES;
				ONLY_ACTIVE_ARCH = YES;
				SDKROOT = iphoneos;
				SWIFT_ACTIVE_COMPILATION_CONDITIONS = DEBUG;
				SWIFT_INSTALL_OBJC_HEADER = YES;
				SWIFT_OPTIMIZATION_LEVEL = "-Onone";
				SWIFT_PRECOMPILE_BRIDGING_HEADER = YES;
			};
			name = Debug;
		};
		FFAFBEBA23032C58008A34E9 /* Release */ = {
			isa = XCBuildConfiguration;
			buildSettings = {
				ALWAYS_SEARCH_USER_PATHS = NO;
				CLANG_ANALYZER_NONNULL = YES;
				CLANG_ANALYZER_NUMBER_OBJECT_CONVERSION = YES_AGGRESSIVE;
				CLANG_CXX_LANGUAGE_STANDARD = "gnu++14";
				CLANG_CXX_LIBRARY = "libc++";
				CLANG_ENABLE_MODULES = YES;
				CLANG_ENABLE_OBJC_ARC = YES;
				CLANG_ENABLE_OBJC_WEAK = YES;
				CLANG_WARN_BLOCK_CAPTURE_AUTORELEASING = YES;
				CLANG_WARN_BOOL_CONVERSION = YES;
				CLANG_WARN_COMMA = YES;
				CLANG_WARN_CONSTANT_CONVERSION = YES;
				CLANG_WARN_DEPRECATED_OBJC_IMPLEMENTATIONS = YES;
				CLANG_WARN_DIRECT_OBJC_ISA_USAGE = YES_ERROR;
				CLANG_WARN_DOCUMENTATION_COMMENTS = YES;
				CLANG_WARN_EMPTY_BODY = YES;
				CLANG_WARN_ENUM_CONVERSION = YES;
				CLANG_WARN_INFINITE_RECURSION = YES;
				CLANG_WARN_INT_CONVERSION = YES;
				CLANG_WARN_NON_LITERAL_NULL_CONVERSION = YES;
				CLANG_WARN_OBJC_IMPLICIT_RETAIN_SELF = YES;
				CLANG_WARN_OBJC_LITERAL_CONVERSION = YES;
				CLANG_WARN_OBJC_ROOT_CLASS = YES_ERROR;
				CLANG_WARN_RANGE_LOOP_ANALYSIS = YES;
				CLANG_WARN_STRICT_PROTOTYPES = YES;
				CLANG_WARN_SUSPICIOUS_MOVE = YES;
				CLANG_WARN_UNGUARDED_AVAILABILITY = YES_AGGRESSIVE;
				CLANG_WARN_UNREACHABLE_CODE = YES;
				CLANG_WARN__DUPLICATE_METHOD_MATCH = YES;
				CODE_SIGN_IDENTITY = "iPhone Developer";
				COPY_PHASE_STRIP = NO;
				DEBUG_INFORMATION_FORMAT = "dwarf-with-dsym";
				DEFINES_MODULE = NO;
				ENABLE_NS_ASSERTIONS = NO;
				ENABLE_STRICT_OBJC_MSGSEND = YES;
				GCC_C_LANGUAGE_STANDARD = gnu11;
				GCC_NO_COMMON_BLOCKS = YES;
				GCC_WARN_64_TO_32_BIT_CONVERSION = YES;
				GCC_WARN_ABOUT_RETURN_TYPE = YES_ERROR;
				GCC_WARN_UNDECLARED_SELECTOR = YES;
				GCC_WARN_UNINITIALIZED_AUTOS = YES_AGGRESSIVE;
				GCC_WARN_UNUSED_FUNCTION = YES;
				GCC_WARN_UNUSED_VARIABLE = YES;
				IPHONEOS_DEPLOYMENT_TARGET = 12.4;
				MTL_ENABLE_DEBUG_INFO = NO;
				MTL_FAST_MATH = YES;
				SDKROOT = iphoneos;
				SWIFT_COMPILATION_MODE = wholemodule;
				SWIFT_INSTALL_OBJC_HEADER = YES;
				SWIFT_OPTIMIZATION_LEVEL = "-O";
				SWIFT_PRECOMPILE_BRIDGING_HEADER = YES;
				VALIDATE_PRODUCT = YES;
			};
			name = Release;
		};
		FFAFBEBC23032C58008A34E9 /* Debug */ = {
			isa = XCBuildConfiguration;
			baseConfigurationReference = C72F60D714F32442832901DD /* Pods-finger-tripping.debug.xcconfig */;
			buildSettings = {
				ASSETCATALOG_COMPILER_APPICON_NAME = AppIcon;
				CLANG_ENABLE_MODULES = YES;
				CODE_SIGN_STYLE = Automatic;
				DEVELOPMENT_TEAM = 7V564G2V7F;
				FRAMEWORK_SEARCH_PATHS = (
					"$(inherited)",
					"$(PROJECT_DIR)/finger-tripping",
				);
				INFOPLIST_FILE = jumper/Info.plist;
				LD_RUNPATH_SEARCH_PATHS = (
					"$(inherited)",
					"@executable_path/Frameworks",
				);
				PRODUCT_BUNDLE_IDENTIFIER = arabian9ts.jumper;
				PRODUCT_NAME = "$(TARGET_NAME)";
				SWIFT_INSTALL_OBJC_HEADER = NO;
				SWIFT_OBJC_BRIDGING_HEADER = "";
				SWIFT_OPTIMIZATION_LEVEL = "-Onone";
				SWIFT_PRECOMPILE_BRIDGING_HEADER = NO;
				SWIFT_VERSION = 5.0;
				TARGETED_DEVICE_FAMILY = "1,2";
			};
			name = Debug;
		};
		FFAFBEBD23032C58008A34E9 /* Release */ = {
			isa = XCBuildConfiguration;
			baseConfigurationReference = C089494FBAFC495DD6F64E91 /* Pods-finger-tripping.release.xcconfig */;
			buildSettings = {
				ASSETCATALOG_COMPILER_APPICON_NAME = AppIcon;
				CLANG_ENABLE_MODULES = YES;
				CODE_SIGN_STYLE = Automatic;
				DEVELOPMENT_TEAM = 7V564G2V7F;
				FRAMEWORK_SEARCH_PATHS = (
					"$(inherited)",
					"$(PROJECT_DIR)/finger-tripping",
				);
				INFOPLIST_FILE = jumper/Info.plist;
				LD_RUNPATH_SEARCH_PATHS = (
					"$(inherited)",
					"@executable_path/Frameworks",
				);
				PRODUCT_BUNDLE_IDENTIFIER = arabian9ts.jumper;
				PRODUCT_NAME = "$(TARGET_NAME)";
				SWIFT_INSTALL_OBJC_HEADER = NO;
				SWIFT_OBJC_BRIDGING_HEADER = "";
				SWIFT_PRECOMPILE_BRIDGING_HEADER = NO;
				SWIFT_VERSION = 5.0;
				TARGETED_DEVICE_FAMILY = "1,2";
			};
			name = Release;
		};
/* End XCBuildConfiguration section */

/* Begin XCConfigurationList section */
		FFAFBEA423032C56008A34E9 /* Build configuration list for PBXProject "Jumper" */ = {
			isa = XCConfigurationList;
			buildConfigurations = (
				FFAFBEB923032C58008A34E9 /* Debug */,
				FFAFBEBA23032C58008A34E9 /* Release */,
			);
			defaultConfigurationIsVisible = 0;
			defaultConfigurationName = Release;
		};
		FFAFBEBB23032C58008A34E9 /* Build configuration list for PBXNativeTarget "Jumper" */ = {
			isa = XCConfigurationList;
			buildConfigurations = (
				FFAFBEBC23032C58008A34E9 /* Debug */,
				FFAFBEBD23032C58008A34E9 /* Release */,
			);
			defaultConfigurationIsVisible = 0;
			defaultConfigurationName = Release;
		};
/* End XCConfigurationList section */
	};
	rootObject = FFAFBEA123032C56008A34E9 /* Project object */;
}
